// !$*UTF8*$!
{
	archiveVersion = 1;
	classes = {
	};
	objectVersion = 46;
	objects = {

/* Begin PBXBuildFile section */
		3789B2F11A8D0B4300CE59CF /* main.m in Sources */ = {isa = PBXBuildFile; fileRef = 3789B2F01A8D0B4300CE59CF /* main.m */; };
		3789B2F41A8D0B4300CE59CF /* AppDelegate.m in Sources */ = {isa = PBXBuildFile; fileRef = 3789B2F31A8D0B4300CE59CF /* AppDelegate.m */; };
		3789B2F71A8D0B4300CE59CF /* ViewController.m in Sources */ = {isa = PBXBuildFile; fileRef = 3789B2F61A8D0B4300CE59CF /* ViewController.m */; };
		3789B2FC1A8D0B4300CE59CF /* Images.xcassets in Resources */ = {isa = PBXBuildFile; fileRef = 3789B2FB1A8D0B4300CE59CF /* Images.xcassets */; };
		3789B2FF1A8D0B4300CE59CF /* LaunchScreen.xib in Resources */ = {isa = PBXBuildFile; fileRef = 3789B2FD1A8D0B4300CE59CF /* LaunchScreen.xib */; };
		3789B30B1A8D0B4300CE59CF /* MNRulerPickerViewTests.m in Sources */ = {isa = PBXBuildFile; fileRef = 3789B30A1A8D0B4300CE59CF /* MNRulerPickerViewTests.m */; };
		3789B3191A8D0BA700CE59CF /* Default-568h@2x.png in Resources */ = {isa = PBXBuildFile; fileRef = 3789B3141A8D0BA700CE59CF /* Default-568h@2x.png */; };
		3789B31A1A8D0BA700CE59CF /* Default.png in Resources */ = {isa = PBXBuildFile; fileRef = 3789B3151A8D0BA700CE59CF /* Default.png */; };
		3789B31B1A8D0BA700CE59CF /* Default@2x.png in Resources */ = {isa = PBXBuildFile; fileRef = 3789B3161A8D0BA700CE59CF /* Default@2x.png */; };
		3789B31C1A8D0BA700CE59CF /* MNRulerPickerView.m in Sources */ = {isa = PBXBuildFile; fileRef = 3789B3181A8D0BA700CE59CF /* MNRulerPickerView.m */; };
		3789B31F1A8D109600CE59CF /* Main.storyboard in Resources */ = {isa = PBXBuildFile; fileRef = 3789B31D1A8D109600CE59CF /* Main.storyboard */; };
		378BDE4E1A8DFBAE00ED040B /* MNRulerPickerViewCell.m in Sources */ = {isa = PBXBuildFile; fileRef = 378BDE4C1A8DFBAE00ED040B /* MNRulerPickerViewCell.m */; };
		378BDE4F1A8DFBAE00ED040B /* MNRulerPickerViewCell.xib in Resources */ = {isa = PBXBuildFile; fileRef = 378BDE4D1A8DFBAE00ED040B /* MNRulerPickerViewCell.xib */; };
/* End PBXBuildFile section */

/* Begin PBXContainerItemProxy section */
		3789B3051A8D0B4300CE59CF /* PBXContainerItemProxy */ = {
			isa = PBXContainerItemProxy;
			containerPortal = 3789B2E31A8D0B4300CE59CF /* Project object */;
			proxyType = 1;
			remoteGlobalIDString = 3789B2EA1A8D0B4300CE59CF;
			remoteInfo = MNRulerPickerView;
		};
/* End PBXContainerItemProxy section */

/* Begin PBXFileReference section */
		3789B2EB1A8D0B4300CE59CF /* MNRulerPickerView.app */ = {isa = PBXFileReference; explicitFileType = wrapper.application; includeInIndex = 0; path = MNRulerPickerView.app; sourceTree = BUILT_PRODUCTS_DIR; };
		3789B2EF1A8D0B4300CE59CF /* Info.plist */ = {isa = PBXFileReference; lastKnownFileType = text.plist.xml; path = Info.plist; sourceTree = "<group>"; };
		3789B2F01A8D0B4300CE59CF /* main.m */ = {isa = PBXFileReference; lastKnownFileType = sourcecode.c.objc; path = main.m; sourceTree = "<group>"; };
		3789B2F21A8D0B4300CE59CF /* AppDelegate.h */ = {isa = PBXFileReference; lastKnownFileType = sourcecode.c.h; path = AppDelegate.h; sourceTree = "<group>"; };
		3789B2F31A8D0B4300CE59CF /* AppDelegate.m */ = {isa = PBXFileReference; lastKnownFileType = sourcecode.c.objc; path = AppDelegate.m; sourceTree = "<group>"; };
		3789B2F51A8D0B4300CE59CF /* ViewController.h */ = {isa = PBXFileReference; lastKnownFileType = sourcecode.c.h; path = ViewController.h; sourceTree = "<group>"; };
		3789B2F61A8D0B4300CE59CF /* ViewController.m */ = {isa = PBXFileReference; lastKnownFileType = sourcecode.c.objc; path = ViewController.m; sourceTree = "<group>"; };
		3789B2FB1A8D0B4300CE59CF /* Images.xcassets */ = {isa = PBXFileReference; lastKnownFileType = folder.assetcatalog; path = Images.xcassets; sourceTree = "<group>"; };
		3789B2FE1A8D0B4300CE59CF /* Base */ = {isa = PBXFileReference; lastKnownFileType = file.xib; name = Base; path = Base.lproj/LaunchScreen.xib; sourceTree = "<group>"; };
		3789B3041A8D0B4300CE59CF /* MNRulerPickerViewTests.xctest */ = {isa = PBXFileReference; explicitFileType = wrapper.cfbundle; includeInIndex = 0; path = MNRulerPickerViewTests.xctest; sourceTree = BUILT_PRODUCTS_DIR; };
		3789B3091A8D0B4300CE59CF /* Info.plist */ = {isa = PBXFileReference; lastKnownFileType = text.plist.xml; path = Info.plist; sourceTree = "<group>"; };
		3789B30A1A8D0B4300CE59CF /* MNRulerPickerViewTests.m */ = {isa = PBXFileReference; lastKnownFileType = sourcecode.c.objc; path = MNRulerPickerViewTests.m; sourceTree = "<group>"; };
		3789B3141A8D0BA700CE59CF /* Default-568h@2x.png */ = {isa = PBXFileReference; lastKnownFileType = image.png; path = "Default-568h@2x.png"; sourceTree = "<group>"; };
		3789B3151A8D0BA700CE59CF /* Default.png */ = {isa = PBXFileReference; lastKnownFileType = image.png; path = Default.png; sourceTree = "<group>"; };
		3789B3161A8D0BA700CE59CF /* Default@2x.png */ = {isa = PBXFileReference; lastKnownFileType = image.png; path = "Default@2x.png"; sourceTree = "<group>"; };
		3789B3171A8D0BA700CE59CF /* MNRulerPickerView.h */ = {isa = PBXFileReference; fileEncoding = 4; lastKnownFileType = sourcecode.c.h; path = MNRulerPickerView.h; sourceTree = "<group>"; };
		3789B3181A8D0BA700CE59CF /* MNRulerPickerView.m */ = {isa = PBXFileReference; fileEncoding = 4; lastKnownFileType = sourcecode.c.objc; path = MNRulerPickerView.m; sourceTree = "<group>"; };
		3789B31E1A8D109600CE59CF /* Base */ = {isa = PBXFileReference; lastKnownFileType = file.storyboard; name = Base; path = Base.lproj/Main.storyboard; sourceTree = "<group>"; };
		378BDE4B1A8DFBAE00ED040B /* MNRulerPickerViewCell.h */ = {isa = PBXFileReference; fileEncoding = 4; lastKnownFileType = sourcecode.c.h; path = MNRulerPickerViewCell.h; sourceTree = "<group>"; };
		378BDE4C1A8DFBAE00ED040B /* MNRulerPickerViewCell.m */ = {isa = PBXFileReference; fileEncoding = 4; lastKnownFileType = sourcecode.c.objc; path = MNRulerPickerViewCell.m; sourceTree = "<group>"; };
		378BDE4D1A8DFBAE00ED040B /* MNRulerPickerViewCell.xib */ = {isa = PBXFileReference; fileEncoding = 4; lastKnownFileType = file.xib; path = MNRulerPickerViewCell.xib; sourceTree = "<group>"; };
/* End PBXFileReference section */

/* Begin PBXFrameworksBuildPhase section */
		3789B2E81A8D0B4300CE59CF /* Frameworks */ = {
			isa = PBXFrameworksBuildPhase;
			buildActionMask = 2147483647;
			files = (
			);
			runOnlyForDeploymentPostprocessing = 0;
		};
		3789B3011A8D0B4300CE59CF /* Frameworks */ = {
			isa = PBXFrameworksBuildPhase;
			buildActionMask = 2147483647;
			files = (
			);
			runOnlyForDeploymentPostprocessing = 0;
		};
/* End PBXFrameworksBuildPhase section */

/* Begin PBXGroup section */
		3789B2E21A8D0B4300CE59CF = {
			isa = PBXGroup;
			children = (
				3789B2ED1A8D0B4300CE59CF /* MNRulerPickerView */,
				3789B3071A8D0B4300CE59CF /* MNRulerPickerViewTests */,
				3789B2EC1A8D0B4300CE59CF /* Products */,
			);
			sourceTree = "<group>";
		};
		3789B2EC1A8D0B4300CE59CF /* Products */ = {
			isa = PBXGroup;
			children = (
				3789B2EB1A8D0B4300CE59CF /* MNRulerPickerView.app */,
				3789B3041A8D0B4300CE59CF /* MNRulerPickerViewTests.xctest */,
			);
			name = Products;
			sourceTree = "<group>";
		};
		3789B2ED1A8D0B4300CE59CF /* MNRulerPickerView */ = {
			isa = PBXGroup;
			children = (
				3789B31D1A8D109600CE59CF /* Main.storyboard */,
				378BDE511A8E07EF00ED040B /* MNRulerPicker */,
				3789B2F21A8D0B4300CE59CF /* AppDelegate.h */,
				3789B2F31A8D0B4300CE59CF /* AppDelegate.m */,
				3789B2F51A8D0B4300CE59CF /* ViewController.h */,
				3789B2F61A8D0B4300CE59CF /* ViewController.m */,
				3789B2FB1A8D0B4300CE59CF /* Images.xcassets */,
				3789B2FD1A8D0B4300CE59CF /* LaunchScreen.xib */,
				3789B2EE1A8D0B4300CE59CF /* Supporting Files */,
			);
			path = MNRulerPickerView;
			sourceTree = "<group>";
		};
		3789B2EE1A8D0B4300CE59CF /* Supporting Files */ = {
			isa = PBXGroup;
			children = (
				3789B3141A8D0BA700CE59CF /* Default-568h@2x.png */,
				3789B3151A8D0BA700CE59CF /* Default.png */,
				3789B3161A8D0BA700CE59CF /* Default@2x.png */,
				3789B2EF1A8D0B4300CE59CF /* Info.plist */,
				3789B2F01A8D0B4300CE59CF /* main.m */,
			);
			name = "Supporting Files";
			sourceTree = "<group>";
		};
		3789B3071A8D0B4300CE59CF /* MNRulerPickerViewTests */ = {
			isa = PBXGroup;
			children = (
				3789B30A1A8D0B4300CE59CF /* MNRulerPickerViewTests.m */,
				3789B3081A8D0B4300CE59CF /* Supporting Files */,
			);
			path = MNRulerPickerViewTests;
			sourceTree = "<group>";
		};
		3789B3081A8D0B4300CE59CF /* Supporting Files */ = {
			isa = PBXGroup;
			children = (
				3789B3091A8D0B4300CE59CF /* Info.plist */,
			);
			name = "Supporting Files";
			sourceTree = "<group>";
		};
		378BDE501A8E07DD00ED040B /* MNRulerPickerCell */ = {
			isa = PBXGroup;
			children = (
				378BDE4B1A8DFBAE00ED040B /* MNRulerPickerViewCell.h */,
				378BDE4C1A8DFBAE00ED040B /* MNRulerPickerViewCell.m */,
				378BDE4D1A8DFBAE00ED040B /* MNRulerPickerViewCell.xib */,
			);
			name = MNRulerPickerCell;
			sourceTree = "<group>";
		};
		378BDE511A8E07EF00ED040B /* MNRulerPicker */ = {
			isa = PBXGroup;
			children = (
				3789B3171A8D0BA700CE59CF /* MNRulerPickerView.h */,
				3789B3181A8D0BA700CE59CF /* MNRulerPickerView.m */,
				378BDE501A8E07DD00ED040B /* MNRulerPickerCell */,
			);
			name = MNRulerPicker;
			sourceTree = "<group>";
		};
/* End PBXGroup section */

/* Begin PBXNativeTarget section */
		3789B2EA1A8D0B4300CE59CF /* MNRulerPickerView */ = {
			isa = PBXNativeTarget;
			buildConfigurationList = 3789B30E1A8D0B4300CE59CF /* Build configuration list for PBXNativeTarget "MNRulerPickerView" */;
			buildPhases = (
				3789B2E71A8D0B4300CE59CF /* Sources */,
				3789B2E81A8D0B4300CE59CF /* Frameworks */,
				3789B2E91A8D0B4300CE59CF /* Resources */,
			);
			buildRules = (
			);
			dependencies = (
			);
			name = MNRulerPickerView;
			productName = MNRulerPickerView;
			productReference = 3789B2EB1A8D0B4300CE59CF /* MNRulerPickerView.app */;
			productType = "com.apple.product-type.application";
		};
		3789B3031A8D0B4300CE59CF /* MNRulerPickerViewTests */ = {
			isa = PBXNativeTarget;
			buildConfigurationList = 3789B3111A8D0B4300CE59CF /* Build configuration list for PBXNativeTarget "MNRulerPickerViewTests" */;
			buildPhases = (
				3789B3001A8D0B4300CE59CF /* Sources */,
				3789B3011A8D0B4300CE59CF /* Frameworks */,
				3789B3021A8D0B4300CE59CF /* Resources */,
			);
			buildRules = (
			);
			dependencies = (
				3789B3061A8D0B4300CE59CF /* PBXTargetDependency */,
			);
			name = MNRulerPickerViewTests;
			productName = MNRulerPickerViewTests;
			productReference = 3789B3041A8D0B4300CE59CF /* MNRulerPickerViewTests.xctest */;
			productType = "com.apple.product-type.bundle.unit-test";
		};
/* End PBXNativeTarget section */

/* Begin PBXProject section */
		3789B2E31A8D0B4300CE59CF /* Project object */ = {
			isa = PBXProject;
			attributes = {
				LastUpgradeCheck = 0610;
				ORGANIZATIONNAME = MongTong;
				TargetAttributes = {
					3789B2EA1A8D0B4300CE59CF = {
						CreatedOnToolsVersion = 6.1.1;
					};
					3789B3031A8D0B4300CE59CF = {
						CreatedOnToolsVersion = 6.1.1;
						TestTargetID = 3789B2EA1A8D0B4300CE59CF;
					};
				};
			};
			buildConfigurationList = 3789B2E61A8D0B4300CE59CF /* Build configuration list for PBXProject "MNRulerPickerView" */;
			compatibilityVersion = "Xcode 3.2";
			developmentRegion = English;
			hasScannedForEncodings = 0;
			knownRegions = (
				en,
				Base,
			);
			mainGroup = 3789B2E21A8D0B4300CE59CF;
			productRefGroup = 3789B2EC1A8D0B4300CE59CF /* Products */;
			projectDirPath = "";
			projectRoot = "";
			targets = (
				3789B2EA1A8D0B4300CE59CF /* MNRulerPickerView */,
				3789B3031A8D0B4300CE59CF /* MNRulerPickerViewTests */,
			);
		};
/* End PBXProject section */

/* Begin PBXResourcesBuildPhase section */
		3789B2E91A8D0B4300CE59CF /* Resources */ = {
			isa = PBXResourcesBuildPhase;
			buildActionMask = 2147483647;
			files = (
				3789B31B1A8D0BA700CE59CF /* Default@2x.png in Resources */,
				3789B3191A8D0BA700CE59CF /* Default-568h@2x.png in Resources */,
				3789B2FF1A8D0B4300CE59CF /* LaunchScreen.xib in Resources */,
				3789B31F1A8D109600CE59CF /* Main.storyboard in Resources */,
				3789B2FC1A8D0B4300CE59CF /* Images.xcassets in Resources */,
				3789B31A1A8D0BA700CE59CF /* Default.png in Resources */,
				378BDE4F1A8DFBAE00ED040B /* MNRulerPickerViewCell.xib in Resources */,
			);
			runOnlyForDeploymentPostprocessing = 0;
		};
		3789B3021A8D0B4300CE59CF /* Resources */ = {
			isa = PBXResourcesBuildPhase;
			buildActionMask = 2147483647;
			files = (
			);
			runOnlyForDeploymentPostprocessing = 0;
		};
/* End PBXResourcesBuildPhase section */

/* Begin PBXSourcesBuildPhase section */
		3789B2E71A8D0B4300CE59CF /* Sources */ = {
			isa = PBXSourcesBuildPhase;
			buildActionMask = 2147483647;
			files = (
				3789B2F71A8D0B4300CE59CF /* ViewController.m in Sources */,
				3789B2F41A8D0B4300CE59CF /* AppDelegate.m in Sources */,
				378BDE4E1A8DFBAE00ED040B /* MNRulerPickerViewCell.m in Sources */,
				3789B31C1A8D0BA700CE59CF /* MNRulerPickerView.m in Sources */,
				3789B2F11A8D0B4300CE59CF /* main.m in Sources */,
			);
			runOnlyForDeploymentPostprocessing = 0;
		};
		3789B3001A8D0B4300CE59CF /* Sources */ = {
			isa = PBXSourcesBuildPhase;
			buildActionMask = 2147483647;
			files = (
				3789B30B1A8D0B4300CE59CF /* MNRulerPickerViewTests.m in Sources */,
			);
			runOnlyForDeploymentPostprocessing = 0;
		};
/* End PBXSourcesBuildPhase section */

/* Begin PBXTargetDependency section */
		3789B3061A8D0B4300CE59CF /* PBXTargetDependency */ = {
			isa = PBXTargetDependency;
			target = 3789B2EA1A8D0B4300CE59CF /* MNRulerPickerView */;
			targetProxy = 3789B3051A8D0B4300CE59CF /* PBXContainerItemProxy */;
		};
/* End PBXTargetDependency section */

/* Begin PBXVariantGroup section */
		3789B2FD1A8D0B4300CE59CF /* LaunchScreen.xib */ = {
			isa = PBXVariantGroup;
			children = (
				3789B2FE1A8D0B4300CE59CF /* Base */,
			);
			name = LaunchScreen.xib;
			sourceTree = "<group>";
		};
		3789B31D1A8D109600CE59CF /* Main.storyboard */ = {
			isa = PBXVariantGroup;
			children = (
				3789B31E1A8D109600CE59CF /* Base */,
			);
			name = Main.storyboard;
			sourceTree = "<group>";
		};
/* End PBXVariantGroup section */

/* Begin XCBuildConfiguration section */
		3789B30C1A8D0B4300CE59CF /* Debug */ = {
			isa = XCBuildConfiguration;
			buildSettings = {
				ALWAYS_SEARCH_USER_PATHS = NO;
				CLANG_CXX_LANGUAGE_STANDARD = "gnu++0x";
				CLANG_CXX_LIBRARY = "libc++";
				CLANG_ENABLE_MODULES = YES;
				CLANG_ENABLE_OBJC_ARC = YES;
				CLANG_WARN_BOOL_CONVERSION = YES;
				CLANG_WARN_CONSTANT_CONVERSION = YES;
				CLANG_WARN_DIRECT_OBJC_ISA_USAGE = YES_ERROR;
				CLANG_WARN_EMPTY_BODY = YES;
				CLANG_WARN_ENUM_CONVERSION = YES;
				CLANG_WARN_INT_CONVERSION = YES;
				CLANG_WARN_OBJC_ROOT_CLASS = YES_ERROR;
				CLANG_WARN_UNREACHABLE_CODE = YES;
				CLANG_WARN__DUPLICATE_METHOD_MATCH = YES;
				"CODE_SIGN_IDENTITY[sdk=iphoneos*]" = "iPhone Developer";
				COPY_PHASE_STRIP = NO;
				ENABLE_STRICT_OBJC_MSGSEND = YES;
				GCC_C_LANGUAGE_STANDARD = gnu99;
				GCC_DYNAMIC_NO_PIC = NO;
				GCC_OPTIMIZATION_LEVEL = 0;
				GCC_PREPROCESSOR_DEFINITIONS = (
					"DEBUG=1",
					"$(inherited)",
				);
				GCC_SYMBOLS_PRIVATE_EXTERN = NO;
				GCC_WARN_64_TO_32_BIT_CONVERSION = YES;
				GCC_WARN_ABOUT_RETURN_TYPE = YES_ERROR;
				GCC_WARN_UNDECLARED_SELECTOR = YES;
				GCC_WARN_UNINITIALIZED_AUTOS = YES_AGGRESSIVE;
				GCC_WARN_UNUSED_FUNCTION = YES;
				GCC_WARN_UNUSED_VARIABLE = YES;
				IPHONEOS_DEPLOYMENT_TARGET = 8.1;
				MTL_ENABLE_DEBUG_INFO = YES;
				ONLY_ACTIVE_ARCH = YES;
				SDKROOT = iphoneos;
			};
			name = Debug;
		};
		3789B30D1A8D0B4300CE59CF /* Release */ = {
			isa = XCBuildConfiguration;
			buildSettings = {
				ALWAYS_SEARCH_USER_PATHS = NO;
				CLANG_CXX_LANGUAGE_STANDARD = "gnu++0x";
				CLANG_CXX_LIBRARY = "libc++";
				CLANG_ENABLE_MODULES = YES;
				CLANG_ENABLE_OBJC_ARC = YES;
				CLANG_WARN_BOOL_CONVERSION = YES;
				CLANG_WARN_CONSTANT_CONVERSION = YES;
				CLANG_WARN_DIRECT_OBJC_ISA_USAGE = YES_ERROR;
				CLANG_WARN_EMPTY_BODY = YES;
				CLANG_WARN_ENUM_CONVERSION = YES;
				CLANG_WARN_INT_CONVERSION = YES;
				CLANG_WARN_OBJC_ROOT_CLASS = YES_ERROR;
				CLANG_WARN_UNREACHABLE_CODE = YES;
				CLANG_WARN__DUPLICATE_METHOD_MATCH = YES;
				"CODE_SIGN_IDENTITY[sdk=iphoneos*]" = "iPhone Developer";
				COPY_PHASE_STRIP = YES;
				ENABLE_NS_ASSERTIONS = NO;
				ENABLE_STRICT_OBJC_MSGSEND = YES;
				GCC_C_LANGUAGE_STANDARD = gnu99;
				GCC_WARN_64_TO_32_BIT_CONVERSION = YES;
				GCC_WARN_ABOUT_RETURN_TYPE = YES_ERROR;
				GCC_WARN_UNDECLARED_SELECTOR = YES;
				GCC_WARN_UNINITIALIZED_AUTOS = YES_AGGRESSIVE;
				GCC_WARN_UNUSED_FUNCTION = YES;
				GCC_WARN_UNUSED_VARIABLE = YES;
				IPHONEOS_DEPLOYMENT_TARGET = 8.1;
				MTL_ENABLE_DEBUG_INFO = NO;
				SDKROOT = iphoneos;
				VALIDATE_PRODUCT = YES;
			};
			name = Release;
		};
		3789B30F1A8D0B4300CE59CF /* Debug */ = {
			isa = XCBuildConfiguration;
			buildSettings = {
				ASSETCATALOG_COMPILER_APPICON_NAME = AppIcon;
				INFOPLIST_FILE = MNRulerPickerView/Info.plist;
				IPHONEOS_DEPLOYMENT_TARGET = 7.1;
				LD_RUNPATH_SEARCH_PATHS = "$(inherited) @executable_path/Frameworks";
				PRODUCT_NAME = "$(TARGET_NAME)";
			};
			name = Debug;
		};
		3789B3101A8D0B4300CE59CF /* Release */ = {
			isa = XCBuildConfiguration;
			buildSettings = {
				ASSETCATALOG_COMPILER_APPICON_NAME = AppIcon;
				INFOPLIST_FILE = MNRulerPickerView/Info.plist;
				IPHONEOS_DEPLOYMENT_TARGET = 7.1;
				LD_RUNPATH_SEARCH_PATHS = "$(inherited) @executable_path/Frameworks";
				PRODUCT_NAME = "$(TARGET_NAME)";
			};
			name = Release;
		};
		3789B3121A8D0B4300CE59CF /* Debug */ = {
			isa = XCBuildConfiguration;
			buildSettings = {
				BUNDLE_LOADER = "$(TEST_HOST)";
				FRAMEWORK_SEARCH_PATHS = (
					"$(SDKROOT)/Developer/Library/Frameworks",
					"$(inherited)",
				);
				GCC_PREPROCESSOR_DEFINITIONS = (
					"DEBUG=1",
					"$(inherited)",
				);
				INFOPLIST_FILE = MNRulerPickerViewTests/Info.plist;
				LD_RUNPATH_SEARCH_PATHS = "$(inherited) @executable_path/Frameworks @loader_path/Frameworks";
				PRODUCT_NAME = "$(TARGET_NAME)";
				TEST_HOST = "$(BUILT_PRODUCTS_DIR)/MNRulerPickerView.app/MNRulerPickerView";
			};
			name = Debug;
		};
		3789B3131A8D0B4300CE59CF /* Release */ = {
			isa = XCBuildConfiguration;
			buildSettings = {
				BUNDLE_LOADER = "$(TEST_HOST)";
				FRAMEWORK_SEARCH_PATHS = (
					"$(SDKROOT)/Developer/Library/Frameworks",
					"$(inherited)",
				);
				INFOPLIST_FILE = MNRulerPickerViewTests/Info.plist;
				LD_RUNPATH_SEARCH_PATHS = "$(inherited) @executable_path/Frameworks @loader_path/Frameworks";
				PRODUCT_NAME = "$(TARGET_NAME)";
				TEST_HOST = "$(BUILT_PRODUCTS_DIR)/MNRulerPickerView.app/MNRulerPickerView";
			};
			name = Release;
		};
/* End XCBuildConfiguration section */

/* Begin XCConfigurationList section */
		3789B2E61A8D0B4300CE59CF /* Build configuration list for PBXProject "MNRulerPickerView" */ = {
			isa = XCConfigurationList;
			buildConfigurations = (
				3789B30C1A8D0B4300CE59CF /* Debug */,
				3789B30D1A8D0B4300CE59CF /* Release */,
			);
			defaultConfigurationIsVisible = 0;
			defaultConfigurationName = Release;
		};
		3789B30E1A8D0B4300CE59CF /* Build configuration list for PBXNativeTarget "MNRulerPickerView" */ = {
			isa = XCConfigurationList;
			buildConfigurations = (
				3789B30F1A8D0B4300CE59CF /* Debug */,
				3789B3101A8D0B4300CE59CF /* Release */,
			);
			defaultConfigurationIsVisible = 0;
			defaultConfigurationName = Release;
		};
		3789B3111A8D0B4300CE59CF /* Build configuration list for PBXNativeTarget "MNRulerPickerViewTests" */ = {
			isa = XCConfigurationList;
			buildConfigurations = (
				3789B3121A8D0B4300CE59CF /* Debug */,
				3789B3131A8D0B4300CE59CF /* Release */,
			);
			defaultConfigurationIsVisible = 0;
			defaultConfigurationName = Release;
		};
/* End XCConfigurationList section */
	};
	rootObject = 3789B2E31A8D0B4300CE59CF /* Project object */;
}
